
Microsoft Visual Studio Solution File, Format Version 12.00
# Visual Studio Version 17
VisualStudioVersion = 17.0.31919.166
MinimumVisualStudioVersion = 10.0.40219.1
Project("{FAE04EC0-301F-11D3-BF4B-00C04F79EFBC}") = "ValidaçãoPrecoPlanilhaHub2b", "ValidaçãoPrecoPlanilhaHub2b.csproj", "{1DF04C15-E387-4827-AF6C-43CED33DC714}"
EndProject
Global
	GlobalSection(SolutionConfigurationPlatforms) = preSolution
		Debug|Any CPU = Debug|Any CPU
		Release|Any CPU = Release|Any CPU
	EndGlobalSection
	GlobalSection(ProjectConfigurationPlatforms) = postSolution
		{1DF04C15-E387-4827-AF6C-43CED33DC714}.Debug|Any CPU.ActiveCfg = Debug|Any CPU
		{1DF04C15-E387-4827-AF6C-43CED33DC714}.Debug|Any CPU.Build.0 = Debug|Any CPU
		{1DF04C15-E387-4827-AF6C-43CED33DC714}.Release|Any CPU.ActiveCfg = Release|Any CPU
		{1DF04C15-E387-4827-AF6C-43CED33DC714}.Release|Any CPU.Build.0 = Release|Any CPU
	EndGlobalSection
	GlobalSection(SolutionProperties) = preSolution
		HideSolutionNode = FALSE
	EndGlobalSection
	GlobalSection(ExtensibilityGlobals) = postSolution
		SolutionGuid = {EF004FBF-72A0-4C74-A581-CCDC1D3536DB}
	EndGlobalSection
EndGlobal
